%{
  "amnesia": {:hex, :amnesia, "0.2.8", "81199a1c4c8db886cfb8ea159f746d5ffdb188bee96cb944f63bdb4465b09fa0", [:mix], [{:exquisite, "~> 0.1.7", [hex: :exquisite, repo: "hexpm", optional: false]}], "hexpm", "6037898c974457809ffa1f9a74cccab8f48c99b206aee9b3fc7bb3af73b06b14"},
  "con_cache": {:hex, :con_cache, "0.14.0", "863acb90fa08017be3129074993af944cf7a4b6c3ee7c06c5cd0ed6b94fbc223", [:mix], [], "hexpm", "50887a8949377d0b707a3c6653b7610de06074751b52d0f267f52135f391aece"},
  "dialyxir": {:hex, :dialyxir, "1.0.0", "6a1fa629f7881a9f5aaf3a78f094b2a51a0357c843871b8bc98824e7342d00a5", [:mix], [{:erlex, ">= 0.2.6", [hex: :erlex, repo: "hexpm", optional: false]}], "hexpm", "aeb06588145fac14ca08d8061a142d52753dbc2cf7f0d00fc1013f53f8654654"},
  "dogma": {:hex, :dogma, "0.1.8", "1ee856ed64f3ad635a4b2127beea427ea1b9bc271b8731679a97938e1827730f", [:mix], [{:poison, ">= 1.0.0", [hex: :poison, repo: "hexpm", optional: false]}], "hexpm", "3b145724262b12e3d9599c1901cbdf9833f353c03d662db212f15a8698ba5f3c"},
  "earmark": {:hex, :earmark, "1.4.6", "f14260802d8998f30e1654189a0d1699c4aa7d099eb4dad904eb5f41283a70b2", [:mix], [], "hexpm", "c1653a90f63400d029b783a098f4d70a40418ddff14da4cc156a0fee9e72e8d6"},
  "erlex": {:hex, :erlex, "0.2.6", "c7987d15e899c7a2f34f5420d2a2ea0d659682c06ac607572df55a43753aa12e", [:mix], [], "hexpm", "2ed2e25711feb44d52b17d2780eabf998452f6efda104877a3881c2f8c0c0c75"},
  "ex_doc": {:hex, :ex_doc, "0.22.1", "9bb6d51508778193a4ea90fa16eac47f8b67934f33f8271d5e1edec2dc0eee4c", [:mix], [{:earmark, "~> 1.4.0", [hex: :earmark, repo: "hexpm", optional: false]}, {:makeup_elixir, "~> 0.14", [hex: :makeup_elixir, repo: "hexpm", optional: false]}], "hexpm", "d957de1b75cb9f78d3ee17820733dc4460114d8b1e11f7ee4fd6546e69b1db60"},
  "exactor": {:hex, :exactor, "2.2.4", "5efb4ddeb2c48d9a1d7c9b465a6fffdd82300eb9618ece5d34c3334d5d7245b1", [:mix], [], "hexpm", "1222419f706e01bfa1095aec9acf6421367dcfab798a6f67c54cf784733cd6b5"},
  "exirc": {:hex, :exirc, "1.1.0", "212a86124a113d87752ce528d52f8e2e2dab3accada66e5330591b9de2c628f9", [:mix], [], "hexpm", "71d01fd9c3378e3f13acd855188ec2b4f225884d2d33fabdb77b77e34b7f5dc7"},
  "exprintf": {:git, "git://github.com/parroty/exprintf.git", "5e71122ca40b0a9e0c8d4f57d64a8004b9d007ef", []},
  "exquisite": {:hex, :exquisite, "0.1.10", "e3ca4f8b812696a40a6da3bcd4e9861cef879ee2eb239d5485b0f96885fc9fba", [:mix], [], "hexpm", "0af9319851f1e21dd4adab812c82247f05e11cc19820fa17cc74afd696e2313c"},
  "hackney": {:hex, :hackney, "1.3.2", "43bd07ab88753f5e136e38fddd2a09124bee25733b03361eeb459d0173fc17ab", [:make, :rebar], [{:idna, "~> 1.0.2", [hex: :idna, repo: "hexpm", optional: false]}, {:ssl_verify_hostname, "~> 1.0.5", [hex: :ssl_verify_hostname, repo: "hexpm", optional: false]}], "hexpm", "9b811cff637b29f9c7e2c61abf01986c85cd4f64a9422315fd803993b4e82615"},
  "httpoison": {:hex, :httpoison, "0.7.5", "7f4a1dc1245f6a4a7d944786b75a44c94056bd54830299229e4b57fd75cb9daa", [:mix], [{:hackney, "~> 1.3.1", [hex: :hackney, repo: "hexpm", optional: false]}], "hexpm", "a9b32452df3c4671c012953d6bb15e3a52bbb41b618f72cbd464e8c9320847c9"},
  "idna": {:hex, :idna, "1.0.3", "d456a8761cad91c97e9788c27002eb3b773adaf5c893275fc35ba4e3434bbd9b", [:rebar3], [], "hexpm", "357d489a51112db4f216034406834f9172b3c0ff5a12f83fb28b25ca271541d1"},
  "lastfm": {:git, "https://github.com/rockerBOO/lastfm.git", "7ab13c74f7dc1cc3707cb6127e3096c18ba31f8b", []},
  "makeup": {:hex, :makeup, "1.0.3", "e339e2f766d12e7260e6672dd4047405963c5ec99661abdc432e6ec67d29ef95", [:mix], [{:nimble_parsec, "~> 0.5", [hex: :nimble_parsec, repo: "hexpm", optional: false]}], "hexpm", "2e9b4996d11832947731f7608fed7ad2f9443011b3b479ae288011265cdd3dad"},
  "makeup_elixir": {:hex, :makeup_elixir, "0.14.1", "4f0e96847c63c17841d42c08107405a005a2680eb9c7ccadfd757bd31dabccfb", [:mix], [{:makeup, "~> 1.0", [hex: :makeup, repo: "hexpm", optional: false]}], "hexpm", "f2438b1a80eaec9ede832b5c41cd4f373b38fd7aa33e3b22d9db79e640cbde11"},
  "nimble_parsec": {:hex, :nimble_parsec, "0.6.0", "32111b3bf39137144abd7ba1cce0914533b2d16ef35e8abc5ec8be6122944263", [:mix], [], "hexpm", "27eac315a94909d4dc68bc07a4a83e06c8379237c5ea528a9acff4ca1c873c52"},
  "oauth2": {:hex, :oauth2, "0.1.1"},
  "plug": {:hex, :plug, "0.13.0"},
  "poison": {:hex, :poison, "1.5.2", "560bdfb7449e3ddd23a096929fb9fc2122f709bcc758b2d5d5a5c7d0ea848910", [:mix], [], "hexpm", "4afc59dcadf71be7edc8b934b39f554ec7b31e2b1b1a4767383a663f86958ce3"},
  "rest_twitch": {:git, "git://github.com/rockerBOO/rest_twitch.git", "232b1d00eb74552d0e03d6b497fe86e084739403", []},
  "socket": {:hex, :socket, "0.3.13", "98a2ab20ce17f95fb512c5cadddba32b57273e0d2dba2d2e5f976c5969d0c632", [:mix], [], "hexpm", "f82ea9833ef49dde272e6568ab8aac657a636acb4cf44a7de8a935acb8957c2e"},
  "ssl_verify_hostname": {:hex, :ssl_verify_hostname, "1.0.6", "45866d958d9ae51cfe8fef0050ab8054d25cba23ace43b88046092aa2c714645", [:make], [], "hexpm", "72b2fc8a8e23d77eed4441137fefa491bbf4a6dc52e9c0045f3f8e92e66243b5"},
}
