%{"amnesia": {:hex, :amnesia, "0.2.0"},
  "con_cache": {:hex, :con_cache, "0.9.0"},
  "dogma": {:hex, :dogma, "0.0.11"},
  "exactor": {:hex, :exactor, "2.2.0"},
  "exirc": {:git, "https://github.com/bitwalker/exirc.git", "c297a4f370b100d61364438d2e74d5abd125bf2a", []},
  "exprintf": {:git, "git://github.com/parroty/exprintf.git", "5e71122ca40b0a9e0c8d4f57d64a8004b9d007ef", []},
  "exquisite": {:hex, :exquisite, "0.1.5"},
  "hackney": {:hex, :hackney, "1.3.2"},
  "httpoison": {:hex, :httpoison, "0.7.5"},
  "idna": {:hex, :idna, "1.0.2"},
  "lastfm": {:git, "https://github.com/rockerBOO/lastfm.git", "f63b75e0ea979e5561b6114162f529724e16440a", []},
  "oauth2": {:hex, :oauth2, "0.1.1"},
  "plug": {:hex, :plug, "0.13.0"},
  "poison": {:hex, :poison, "1.5.0"},
  "rest_twitch": {:git, "git://github.com/rockerBOO/rest_twitch.git", "232b1d00eb74552d0e03d6b497fe86e084739403", []},
  "socket": {:hex, :socket, "0.3.1"},
  "ssl_verify_hostname": {:hex, :ssl_verify_hostname, "1.0.5"}}
